
Microsoft Visual Studio Solution File, Format Version 12.00
# Visual Studio Version 16
VisualStudioVersion = 16.0.29102.190
MinimumVisualStudioVersion = 10.0.40219.1
Project("{8BC9CEB8-8B4A-11D0-8D11-00A0C91BC942}") = "ASimplePlugin", "ASimplePlugin.vcxproj", "{6C051E3B-F2D1-49F1-9AD1-66E12FDE1C6B}"
EndProject
Global
	GlobalSection(SolutionConfigurationPlatforms) = preSolution
		Debug|x64 = Debug|x64
		Debug|x86 = Debug|x86
		Release|x64 = Release|x64
		Release|x86 = Release|x86
	EndGlobalSection
	GlobalSection(ProjectConfigurationPlatforms) = postSolution
		{6C051E3B-F2D1-49F1-9AD1-66E12FDE1C6B}.Debug|x64.ActiveCfg = Debug|x64
		{6C051E3B-F2D1-49F1-9AD1-66E12FDE1C6B}.Debug|x64.Build.0 = Debug|x64
		{6C051E3B-F2D1-49F1-9AD1-66E12FDE1C6B}.Debug|x86.ActiveCfg = Debug|Win32
		{6C051E3B-F2D1-49F1-9AD1-66E12FDE1C6B}.Debug|x86.Build.0 = Debug|Win32
		{6C051E3B-F2D1-49F1-9AD1-66E12FDE1C6B}.Release|x64.ActiveCfg = Release|x64
		{6C051E3B-F2D1-49F1-9AD1-66E12FDE1C6B}.Release|x64.Build.0 = Release|x64
		{6C051E3B-F2D1-49F1-9AD1-66E12FDE1C6B}.Release|x86.ActiveCfg = Release|Win32
		{6C051E3B-F2D1-49F1-9AD1-66E12FDE1C6B}.Release|x86.Build.0 = Release|Win32
	EndGlobalSection
	GlobalSection(SolutionProperties) = preSolution
		HideSolutionNode = FALSE
	EndGlobalSection
	GlobalSection(ExtensibilityGlobals) = postSolution
		SolutionGuid = {F4751F26-2C42-46A9-AD96-B1B5AE8A962C}
	EndGlobalSection
EndGlobal
