<?xml version="1.0" encoding="utf-8"?>
<Project ToolsVersion="4.0" xmlns="http://schemas.microsoft.com/developer/msbuild/2003">
  <ItemGroup>
    <Filter Include="Sources">
      <UniqueIdentifier>{d444d9da-4d04-41e2-9dc3-b7509763b780}</UniqueIdentifier>
    </Filter>
    <Filter Include="Sources\Common">
      <UniqueIdentifier>{23aed564-2895-4738-9646-aa45188a83a3}</UniqueIdentifier>
    </Filter>
  </ItemGroup>
  <ItemGroup>
    <ClCompile Include="dllmain.cpp">
      <Filter>Sources</Filter>
    </ClCompile>
    <ClCompile Include="stdafx.cpp">
      <Filter>Sources</Filter>
    </ClCompile>
    <ClCompile Include="..\Common\Plugins.cpp">
      <Filter>Sources\Common</Filter>
    </ClCompile>
  </ItemGroup>
  <ItemGroup>
    <ClInclude Include="targetver.h">
      <Filter>Sources</Filter>
    </ClInclude>
    <ClInclude Include="stdafx.h">
      <Filter>Sources</Filter>
    </ClInclude>
  </ItemGroup>
</Project>